
Microsoft Visual Studio Solution File, Format Version 12.00
# Visual Studio Version 17
VisualStudioVersion = 17.4.33110.190
MinimumVisualStudioVersion = 10.0.40219.1
Project("{FAE04EC0-301F-11D3-BF4B-00C04F79EFBC}") = "ContosoUniversity_SQL", "ContosoUniversity_SQL\ContosoUniversity_SQL.csproj", "{586D0265-646B-4218-A5E5-5B7031AFF631}"
EndProject
Global
	GlobalSection(SolutionConfigurationPlatforms) = preSolution
		Debug|Any CPU = Debug|Any CPU
		Release|Any CPU = Release|Any CPU
	EndGlobalSection
	GlobalSection(ProjectConfigurationPlatforms) = postSolution
		{586D0265-646B-4218-A5E5-5B7031AFF631}.Debug|Any CPU.ActiveCfg = Debug|Any CPU
		{586D0265-646B-4218-A5E5-5B7031AFF631}.Debug|Any CPU.Build.0 = Debug|Any CPU
		{586D0265-646B-4218-A5E5-5B7031AFF631}.Release|Any CPU.ActiveCfg = Release|Any CPU
		{586D0265-646B-4218-A5E5-5B7031AFF631}.Release|Any CPU.Build.0 = Release|Any CPU
	EndGlobalSection
	GlobalSection(SolutionProperties) = preSolution
		HideSolutionNode = FALSE
	EndGlobalSection
	GlobalSection(ExtensibilityGlobals) = postSolution
		SolutionGuid = {7E2DBF10-535F-40B4-A6A4-594D9D055CE2}
	EndGlobalSection
EndGlobal
